
Microsoft Visual Studio Solution File, Format Version 12.00
# Visual Studio 15
VisualStudioVersion = 15.0.26228.10
MinimumVisualStudioVersion = 10.0.40219.1
Project("{8BC9CEB8-8B4A-11D0-8D11-00A0C91BC942}") = "Share", "Share\Share.vcxproj", "{A7439002-7CAB-403F-880A-03E6CC74E757}"
	ProjectSection(ProjectDependencies) = postProject
		{55E97E46-A045-4738-AB4F-41935EDAD123} = {55E97E46-A045-4738-AB4F-41935EDAD123}
	EndProjectSection
EndProject
Project("{8BC9CEB8-8B4A-11D0-8D11-00A0C91BC942}") = "FispApp", "FispApp\FispApp.vcxproj", "{7E5DE58D-4968-420A-9B6F-F0EB610F9AA0}"
	ProjectSection(ProjectDependencies) = postProject
		{A7439002-7CAB-403F-880A-03E6CC74E757} = {A7439002-7CAB-403F-880A-03E6CC74E757}
		{55E97E46-A045-4738-AB4F-41935EDAD123} = {55E97E46-A045-4738-AB4F-41935EDAD123}
		{2A4CEC5B-C04E-42D1-A9AE-7F98E703DDD4} = {2A4CEC5B-C04E-42D1-A9AE-7F98E703DDD4}
	EndProjectSection
EndProject
Project("{8BC9CEB8-8B4A-11D0-8D11-00A0C91BC942}") = "Render", "Render\Render.vcxproj", "{2A4CEC5B-C04E-42D1-A9AE-7F98E703DDD4}"
	ProjectSection(ProjectDependencies) = postProject
		{A7439002-7CAB-403F-880A-03E6CC74E757} = {A7439002-7CAB-403F-880A-03E6CC74E757}
		{55E97E46-A045-4738-AB4F-41935EDAD123} = {55E97E46-A045-4738-AB4F-41935EDAD123}
	EndProjectSection
EndProject
Project("{8BC9CEB8-8B4A-11D0-8D11-00A0C91BC942}") = "Utility", "Utility\Utility.vcxproj", "{55E97E46-A045-4738-AB4F-41935EDAD123}"
EndProject
Global
	GlobalSection(SolutionConfigurationPlatforms) = preSolution
		Debug|ARM = Debug|ARM
		Debug|Win32 = Debug|Win32
		Debug|Win64 = Debug|Win64
		Debug|x64 = Debug|x64
		Release|ARM = Release|ARM
		Release|Win32 = Release|Win32
		Release|Win64 = Release|Win64
		Release|x64 = Release|x64
	EndGlobalSection
	GlobalSection(ProjectConfigurationPlatforms) = postSolution
		{A7439002-7CAB-403F-880A-03E6CC74E757}.Debug|ARM.ActiveCfg = Debug|Win32
		{A7439002-7CAB-403F-880A-03E6CC74E757}.Debug|Win32.ActiveCfg = Debug|Win32
		{A7439002-7CAB-403F-880A-03E6CC74E757}.Debug|Win32.Build.0 = Debug|Win32
		{A7439002-7CAB-403F-880A-03E6CC74E757}.Debug|Win64.ActiveCfg = Debug|x64
		{A7439002-7CAB-403F-880A-03E6CC74E757}.Debug|Win64.Build.0 = Debug|x64
		{A7439002-7CAB-403F-880A-03E6CC74E757}.Debug|x64.ActiveCfg = Debug|x64
		{A7439002-7CAB-403F-880A-03E6CC74E757}.Debug|x64.Build.0 = Debug|x64
		{A7439002-7CAB-403F-880A-03E6CC74E757}.Debug|x64.Deploy.0 = Debug|x64
		{A7439002-7CAB-403F-880A-03E6CC74E757}.Release|ARM.ActiveCfg = Release|Win32
		{A7439002-7CAB-403F-880A-03E6CC74E757}.Release|Win32.ActiveCfg = Release|Win32
		{A7439002-7CAB-403F-880A-03E6CC74E757}.Release|Win32.Build.0 = Release|Win32
		{A7439002-7CAB-403F-880A-03E6CC74E757}.Release|Win64.ActiveCfg = Release|x64
		{A7439002-7CAB-403F-880A-03E6CC74E757}.Release|Win64.Build.0 = Release|x64
		{A7439002-7CAB-403F-880A-03E6CC74E757}.Release|x64.ActiveCfg = Release|x64
		{A7439002-7CAB-403F-880A-03E6CC74E757}.Release|x64.Build.0 = Release|x64
		{A7439002-7CAB-403F-880A-03E6CC74E757}.Release|x64.Deploy.0 = Release|x64
		{7E5DE58D-4968-420A-9B6F-F0EB610F9AA0}.Debug|ARM.ActiveCfg = Debug|ARM
		{7E5DE58D-4968-420A-9B6F-F0EB610F9AA0}.Debug|ARM.Build.0 = Debug|ARM
		{7E5DE58D-4968-420A-9B6F-F0EB610F9AA0}.Debug|ARM.Deploy.0 = Debug|ARM
		{7E5DE58D-4968-420A-9B6F-F0EB610F9AA0}.Debug|Win32.ActiveCfg = Debug|Win32
		{7E5DE58D-4968-420A-9B6F-F0EB610F9AA0}.Debug|Win32.Build.0 = Debug|Win32
		{7E5DE58D-4968-420A-9B6F-F0EB610F9AA0}.Debug|Win32.Deploy.0 = Debug|Win32
		{7E5DE58D-4968-420A-9B6F-F0EB610F9AA0}.Debug|Win64.ActiveCfg = Debug|x64
		{7E5DE58D-4968-420A-9B6F-F0EB610F9AA0}.Debug|Win64.Build.0 = Debug|x64
		{7E5DE58D-4968-420A-9B6F-F0EB610F9AA0}.Debug|Win64.Deploy.0 = Debug|x64
		{7E5DE58D-4968-420A-9B6F-F0EB610F9AA0}.Debug|x64.ActiveCfg = Debug|x64
		{7E5DE58D-4968-420A-9B6F-F0EB610F9AA0}.Debug|x64.Build.0 = Debug|x64
		{7E5DE58D-4968-420A-9B6F-F0EB610F9AA0}.Debug|x64.Deploy.0 = Debug|x64
		{7E5DE58D-4968-420A-9B6F-F0EB610F9AA0}.Release|ARM.ActiveCfg = Release|ARM
		{7E5DE58D-4968-420A-9B6F-F0EB610F9AA0}.Release|ARM.Build.0 = Release|ARM
		{7E5DE58D-4968-420A-9B6F-F0EB610F9AA0}.Release|ARM.Deploy.0 = Release|ARM
		{7E5DE58D-4968-420A-9B6F-F0EB610F9AA0}.Release|Win32.ActiveCfg = Release|Win32
		{7E5DE58D-4968-420A-9B6F-F0EB610F9AA0}.Release|Win32.Build.0 = Release|Win32
		{7E5DE58D-4968-420A-9B6F-F0EB610F9AA0}.Release|Win32.Deploy.0 = Release|Win32
		{7E5DE58D-4968-420A-9B6F-F0EB610F9AA0}.Release|Win64.ActiveCfg = Release|x64
		{7E5DE58D-4968-420A-9B6F-F0EB610F9AA0}.Release|Win64.Build.0 = Release|x64
		{7E5DE58D-4968-420A-9B6F-F0EB610F9AA0}.Release|Win64.Deploy.0 = Release|x64
		{7E5DE58D-4968-420A-9B6F-F0EB610F9AA0}.Release|x64.ActiveCfg = Release|x64
		{7E5DE58D-4968-420A-9B6F-F0EB610F9AA0}.Release|x64.Build.0 = Release|x64
		{7E5DE58D-4968-420A-9B6F-F0EB610F9AA0}.Release|x64.Deploy.0 = Release|x64
		{2A4CEC5B-C04E-42D1-A9AE-7F98E703DDD4}.Debug|ARM.ActiveCfg = Debug|Win32
		{2A4CEC5B-C04E-42D1-A9AE-7F98E703DDD4}.Debug|Win32.ActiveCfg = Debug|Win32
		{2A4CEC5B-C04E-42D1-A9AE-7F98E703DDD4}.Debug|Win32.Build.0 = Debug|Win32
		{2A4CEC5B-C04E-42D1-A9AE-7F98E703DDD4}.Debug|Win64.ActiveCfg = Debug|x64
		{2A4CEC5B-C04E-42D1-A9AE-7F98E703DDD4}.Debug|Win64.Build.0 = Debug|x64
		{2A4CEC5B-C04E-42D1-A9AE-7F98E703DDD4}.Debug|x64.ActiveCfg = Debug|x64
		{2A4CEC5B-C04E-42D1-A9AE-7F98E703DDD4}.Debug|x64.Build.0 = Debug|x64
		{2A4CEC5B-C04E-42D1-A9AE-7F98E703DDD4}.Debug|x64.Deploy.0 = Debug|x64
		{2A4CEC5B-C04E-42D1-A9AE-7F98E703DDD4}.Release|ARM.ActiveCfg = Release|Win32
		{2A4CEC5B-C04E-42D1-A9AE-7F98E703DDD4}.Release|Win32.ActiveCfg = Release|Win32
		{2A4CEC5B-C04E-42D1-A9AE-7F98E703DDD4}.Release|Win32.Build.0 = Release|Win32
		{2A4CEC5B-C04E-42D1-A9AE-7F98E703DDD4}.Release|Win64.ActiveCfg = Release|x64
		{2A4CEC5B-C04E-42D1-A9AE-7F98E703DDD4}.Release|Win64.Build.0 = Release|x64
		{2A4CEC5B-C04E-42D1-A9AE-7F98E703DDD4}.Release|x64.ActiveCfg = Release|x64
		{2A4CEC5B-C04E-42D1-A9AE-7F98E703DDD4}.Release|x64.Build.0 = Release|x64
		{2A4CEC5B-C04E-42D1-A9AE-7F98E703DDD4}.Release|x64.Deploy.0 = Release|x64
		{55E97E46-A045-4738-AB4F-41935EDAD123}.Debug|ARM.ActiveCfg = Debug|Win32
		{55E97E46-A045-4738-AB4F-41935EDAD123}.Debug|Win32.ActiveCfg = Debug|Win32
		{55E97E46-A045-4738-AB4F-41935EDAD123}.Debug|Win32.Build.0 = Debug|Win32
		{55E97E46-A045-4738-AB4F-41935EDAD123}.Debug|Win64.ActiveCfg = Debug|Win32
		{55E97E46-A045-4738-AB4F-41935EDAD123}.Debug|x64.ActiveCfg = Debug|x64
		{55E97E46-A045-4738-AB4F-41935EDAD123}.Debug|x64.Build.0 = Debug|x64
		{55E97E46-A045-4738-AB4F-41935EDAD123}.Release|ARM.ActiveCfg = Release|Win32
		{55E97E46-A045-4738-AB4F-41935EDAD123}.Release|Win32.ActiveCfg = Release|Win32
		{55E97E46-A045-4738-AB4F-41935EDAD123}.Release|Win32.Build.0 = Release|Win32
		{55E97E46-A045-4738-AB4F-41935EDAD123}.Release|Win64.ActiveCfg = Release|Win32
		{55E97E46-A045-4738-AB4F-41935EDAD123}.Release|x64.ActiveCfg = Release|x64
		{55E97E46-A045-4738-AB4F-41935EDAD123}.Release|x64.Build.0 = Release|x64
	EndGlobalSection
	GlobalSection(SolutionProperties) = preSolution
		HideSolutionNode = FALSE
	EndGlobalSection
EndGlobal
