<?xml version="1.0" encoding="utf-8"?>
<Project ToolsVersion="4.0" xmlns="http://schemas.microsoft.com/developer/msbuild/2003">
  <ItemGroup>
    <Filter Include="include">
      <UniqueIdentifier>{93995380-89BD-4b04-88EB-625FBE52EBFB}</UniqueIdentifier>
      <Extensions>h;hh;hpp;hxx;hm;inl;inc;xsd</Extensions>
    </Filter>
    <Filter Include="src">
      <UniqueIdentifier>{4FC737F1-C7A5-4376-A066-2A32D752A2FF}</UniqueIdentifier>
      <Extensions>cpp;c;cc;cxx;def;odl;idl;hpj;bat;asm;asmx</Extensions>
    </Filter>
    <Filter Include="private">
      <UniqueIdentifier>{82a62c96-0f5e-4266-8a40-820159f69495}</UniqueIdentifier>
    </Filter>
  </ItemGroup>
  <ItemGroup>
    <Text Include="ReadMe.txt" />
  </ItemGroup>
  <ItemGroup>
    <ClInclude Include="include\world.h">
      <Filter>include</Filter>
    </ClInclude>
    <ClInclude Include="include\useEngine.h">
      <Filter>include</Filter>
    </ClInclude>
    <ClInclude Include="include\fisp.h">
      <Filter>include</Filter>
    </ClInclude>
    <ClInclude Include="include\frame.h">
      <Filter>include</Filter>
    </ClInclude>
    <ClInclude Include="private\mainsm.h">
      <Filter>private</Filter>
    </ClInclude>
  </ItemGroup>
  <ItemGroup>
    <ClCompile Include="src\world.cpp">
      <Filter>src</Filter>
    </ClCompile>
    <ClCompile Include="src\fisp.cpp">
      <Filter>src</Filter>
    </ClCompile>
    <ClCompile Include="src\frame.cpp">
      <Filter>src</Filter>
    </ClCompile>
    <ClCompile Include="private\mainsm.cpp">
      <Filter>private</Filter>
    </ClCompile>
  </ItemGroup>
</Project>