<?xml version="1.0" encoding="utf-8"?>
<Project ToolsVersion="4.0" xmlns="http://schemas.microsoft.com/developer/msbuild/2003">
  <ItemGroup>
    <Filter Include="Assets">
      <UniqueIdentifier>a027dcea-5d9b-453a-a239-41f95a6fa17d</UniqueIdentifier>
      <Extensions>bmp;fbx;gif;jpg;jpeg;tga;tiff;tif;png</Extensions>
    </Filter>
    <Image Include="Assets\LockScreenLogo.scale-200.png">
      <Filter>Assets</Filter>
    </Image>
    <Image Include="Assets\SplashScreen.scale-200.png">
      <Filter>Assets</Filter>
    </Image>
    <Image Include="Assets\Square150x150Logo.scale-200.png">
      <Filter>Assets</Filter>
    </Image>
    <Image Include="Assets\Square44x44Logo.scale-200.png">
      <Filter>Assets</Filter>
    </Image>
    <Image Include="Assets\Square44x44Logo.targetsize-24_altform-unplated.png">
      <Filter>Assets</Filter>
    </Image>
    <Image Include="Assets\StoreLogo.png">
      <Filter>Assets</Filter>
    </Image>
    <Image Include="Assets\Wide310x150Logo.scale-200.png">
      <Filter>Assets</Filter>
    </Image>
    <Filter Include="shader">
      <UniqueIdentifier>baa2285a-e62a-4bc5-8ed5-9a73189f8899</UniqueIdentifier>
    </Filter>
    <Filter Include="res">
      <UniqueIdentifier>{a5d87208-6f31-45e3-8c9a-61e6857f61ed}</UniqueIdentifier>
    </Filter>
  </ItemGroup>
  <ItemGroup>
    <ClCompile Include="App.cpp" />
    <ClCompile Include="FispAppMain.cpp" />
    <ClCompile Include="pch.cpp" />
    <ClCompile Include="main.cpp" />
  </ItemGroup>
  <ItemGroup>
    <ClInclude Include="App.h" />
    <ClInclude Include="FispAppMain.h" />
    <ClInclude Include="pch.h" />
  </ItemGroup>
  <ItemGroup>
    <AppxManifest Include="Package.appxmanifest" />
  </ItemGroup>
  <ItemGroup>
    <None Include="FispApp_TemporaryKey.pfx" />
    <None Include="Package.StoreAssociation.xml" />
    <None Include="FispApp_StoreKey.pfx" />
    <None Include="..\Debug\Win32\scene.fisp">
      <Filter>res</Filter>
    </None>
  </ItemGroup>
  <ItemGroup>
    <FxCompile Include="..\Render\shader\SamplePixelShader.hlsl">
      <Filter>shader</Filter>
    </FxCompile>
    <FxCompile Include="..\Render\shader\SampleVertexShader.hlsl">
      <Filter>shader</Filter>
    </FxCompile>
  </ItemGroup>
</Project>