<?xml version="1.0" encoding="utf-8"?>
<Project ToolsVersion="4.0" xmlns="http://schemas.microsoft.com/developer/msbuild/2003">
  <ItemGroup>
    <Filter Include="include">
      <UniqueIdentifier>{93995380-89BD-4b04-88EB-625FBE52EBFB}</UniqueIdentifier>
      <Extensions>h;hh;hpp;hxx;hm;inl;inc;xsd</Extensions>
    </Filter>
    <Filter Include="src">
      <UniqueIdentifier>{4FC737F1-C7A5-4376-A066-2A32D752A2FF}</UniqueIdentifier>
      <Extensions>cpp;c;cc;cxx;def;odl;idl;hpj;bat;asm;asmx</Extensions>
    </Filter>
    <Filter Include="shader">
      <UniqueIdentifier>{5280adb0-b779-4cbe-9bd5-457b2f8208a3}</UniqueIdentifier>
    </Filter>
  </ItemGroup>
  <ItemGroup>
    <Text Include="ReadMe.txt" />
  </ItemGroup>
  <ItemGroup>
    <ClInclude Include="include\d3dx12.h">
      <Filter>include</Filter>
    </ClInclude>
    <ClInclude Include="include\DirectXHelper.h">
      <Filter>include</Filter>
    </ClInclude>
    <ClInclude Include="include\ShaderStructures.h">
      <Filter>include</Filter>
    </ClInclude>
    <ClInclude Include="include\StepTimer.h">
      <Filter>include</Filter>
    </ClInclude>
    <ClInclude Include="include\pch.h">
      <Filter>include</Filter>
    </ClInclude>
    <ClInclude Include="include\DeviceResources.h">
      <Filter>include</Filter>
    </ClInclude>
    <ClInclude Include="include\useRender.h">
      <Filter>include</Filter>
    </ClInclude>
  </ItemGroup>
  <ItemGroup>
    <ClCompile Include="src\DeviceResources.cpp">
      <Filter>src</Filter>
    </ClCompile>
  </ItemGroup>
</Project>